// !$*UTF8*$!
{
	archiveVersion = 1;
	classes = {
	};
	objectVersion = 56;
	objects = {

/* Begin PBXBuildFile section */
		E4BC60CD2C2C42D100BA32D7 /* extensions.swift in Sources */ = {isa = PBXBuildFile; fileRef = E4BC60CC2C2C42D100BA32D7 /* extensions.swift */; };
		E4BC60CF2C2C450A00BA32D7 /* MainTabbarController.swift in Sources */ = {isa = PBXBuildFile; fileRef = E4BC60CE2C2C450A00BA32D7 /* MainTabbarController.swift */; };
		E4BC60D12C2C4CA500BA32D7 /* MapViewController.swift in Sources */ = {isa = PBXBuildFile; fileRef = E4BC60D02C2C4CA500BA32D7 /* MapViewController.swift */; };
		E4BC60D32C2C4D6400BA32D7 /* SearchViewController.swift in Sources */ = {isa = PBXBuildFile; fileRef = E4BC60D22C2C4D6400BA32D7 /* SearchViewController.swift */; };
		E4BC60D52C2C4E8D00BA32D7 /* DetailedViewController.swift in Sources */ = {isa = PBXBuildFile; fileRef = E4BC60D42C2C4E8D00BA32D7 /* DetailedViewController.swift */; };
		E4E378FA2C19AC78006D0B98 /* AppDelegate.swift in Sources */ = {isa = PBXBuildFile; fileRef = E4E378F92C19AC78006D0B98 /* AppDelegate.swift */; };
		E4E378FC2C19AC78006D0B98 /* SceneDelegate.swift in Sources */ = {isa = PBXBuildFile; fileRef = E4E378FB2C19AC78006D0B98 /* SceneDelegate.swift */; };
		E4E378FE2C19AC78006D0B98 /* ViewController.swift in Sources */ = {isa = PBXBuildFile; fileRef = E4E378FD2C19AC78006D0B98 /* ViewController.swift */; };
		E4E379032C19AC79006D0B98 /* Assets.xcassets in Resources */ = {isa = PBXBuildFile; fileRef = E4E379022C19AC79006D0B98 /* Assets.xcassets */; };
		E4E379062C19AC79006D0B98 /* Base in Resources */ = {isa = PBXBuildFile; fileRef = E4E379052C19AC79006D0B98 /* Base */; };
		E4E3790F2C19D390006D0B98 /* RxCocoa in Frameworks */ = {isa = PBXBuildFile; productRef = E4E3790E2C19D390006D0B98 /* RxCocoa */; };
		E4E379112C19D390006D0B98 /* RxSwift in Frameworks */ = {isa = PBXBuildFile; productRef = E4E379102C19D390006D0B98 /* RxSwift */; };
		E4E379132C19D70E006D0B98 /* Earthquake.swift in Sources */ = {isa = PBXBuildFile; fileRef = E4E379122C19D70E006D0B98 /* Earthquake.swift */; };
		E4E379172C19D89F006D0B98 /* EarthquakeService.swift in Sources */ = {isa = PBXBuildFile; fileRef = E4E379162C19D89F006D0B98 /* EarthquakeService.swift */; };
/* End PBXBuildFile section */

/* Begin PBXFileReference section */
		E4BC60CC2C2C42D100BA32D7 /* extensions.swift */ = {isa = PBXFileReference; lastKnownFileType = sourcecode.swift; path = extensions.swift; sourceTree = "<group>"; };
		E4BC60CE2C2C450A00BA32D7 /* MainTabbarController.swift */ = {isa = PBXFileReference; lastKnownFileType = sourcecode.swift; path = MainTabbarController.swift; sourceTree = "<group>"; };
		E4BC60D02C2C4CA500BA32D7 /* MapViewController.swift */ = {isa = PBXFileReference; lastKnownFileType = sourcecode.swift; path = MapViewController.swift; sourceTree = "<group>"; };
		E4BC60D22C2C4D6400BA32D7 /* SearchViewController.swift */ = {isa = PBXFileReference; lastKnownFileType = sourcecode.swift; path = SearchViewController.swift; sourceTree = "<group>"; };
		E4BC60D42C2C4E8D00BA32D7 /* DetailedViewController.swift */ = {isa = PBXFileReference; lastKnownFileType = sourcecode.swift; path = DetailedViewController.swift; sourceTree = "<group>"; };
		E4E378F62C19AC78006D0B98 /* TremorWatch.app */ = {isa = PBXFileReference; explicitFileType = wrapper.application; includeInIndex = 0; path = TremorWatch.app; sourceTree = BUILT_PRODUCTS_DIR; };
		E4E378F92C19AC78006D0B98 /* AppDelegate.swift */ = {isa = PBXFileReference; lastKnownFileType = sourcecode.swift; path = AppDelegate.swift; sourceTree = "<group>"; };
		E4E378FB2C19AC78006D0B98 /* SceneDelegate.swift */ = {isa = PBXFileReference; lastKnownFileType = sourcecode.swift; path = SceneDelegate.swift; sourceTree = "<group>"; };
		E4E378FD2C19AC78006D0B98 /* ViewController.swift */ = {isa = PBXFileReference; lastKnownFileType = sourcecode.swift; path = ViewController.swift; sourceTree = "<group>"; };
		E4E379022C19AC79006D0B98 /* Assets.xcassets */ = {isa = PBXFileReference; lastKnownFileType = folder.assetcatalog; path = Assets.xcassets; sourceTree = "<group>"; };
		E4E379052C19AC79006D0B98 /* Base */ = {isa = PBXFileReference; lastKnownFileType = file.storyboard; name = Base; path = Base.lproj/LaunchScreen.storyboard; sourceTree = "<group>"; };
		E4E379072C19AC79006D0B98 /* Info.plist */ = {isa = PBXFileReference; lastKnownFileType = text.plist.xml; path = Info.plist; sourceTree = "<group>"; };
		E4E379122C19D70E006D0B98 /* Earthquake.swift */ = {isa = PBXFileReference; lastKnownFileType = sourcecode.swift; path = Earthquake.swift; sourceTree = "<group>"; };
		E4E379162C19D89F006D0B98 /* EarthquakeService.swift */ = {isa = PBXFileReference; lastKnownFileType = sourcecode.swift; path = EarthquakeService.swift; sourceTree = "<group>"; };
/* End PBXFileReference section */

/* Begin PBXFrameworksBuildPhase section */
		E4E378F32C19AC78006D0B98 /* Frameworks */ = {
			isa = PBXFrameworksBuildPhase;
			buildActionMask = 2147483647;
			files = (
				E4E379112C19D390006D0B98 /* RxSwift in Frameworks */,
				E4E3790F2C19D390006D0B98 /* RxCocoa in Frameworks */,
			);
			runOnlyForDeploymentPostprocessing = 0;
		};
/* End PBXFrameworksBuildPhase section */

/* Begin PBXGroup section */
		E4B94FC72C2ACDF300B6D088 /* model */ = {
			isa = PBXGroup;
			children = (
				E4E379122C19D70E006D0B98 /* Earthquake.swift */,
			);
			path = model;
			sourceTree = "<group>";
		};
		E4B94FC82C2ACE1E00B6D088 /* view  */ = {
			isa = PBXGroup;
			children = (
				E4E378FD2C19AC78006D0B98 /* ViewController.swift */,
			);
			path = "view ";
			sourceTree = "<group>";
		};
		E4B94FC92C2ACE5A00B6D088 /* view model */ = {
			isa = PBXGroup;
			children = (
				E4BC60CC2C2C42D100BA32D7 /* extensions.swift */,
				E4E379162C19D89F006D0B98 /* EarthquakeService.swift */,
			);
			path = "view model";
			sourceTree = "<group>";
		};
		E4BC60CB2C2C428400BA32D7 /* controllers */ = {
			isa = PBXGroup;
			children = (
				E4BC60CE2C2C450A00BA32D7 /* MainTabbarController.swift */,
				E4BC60D42C2C4E8D00BA32D7 /* DetailedViewController.swift */,
				E4BC60D02C2C4CA500BA32D7 /* MapViewController.swift */,
				E4BC60D22C2C4D6400BA32D7 /* SearchViewController.swift */,
			);
			path = controllers;
			sourceTree = "<group>";
		};
		E4E378ED2C19AC78006D0B98 = {
			isa = PBXGroup;
			children = (
				E4E378F82C19AC78006D0B98 /* TremorWatch */,
				E4E378F72C19AC78006D0B98 /* Products */,
			);
			sourceTree = "<group>";
		};
		E4E378F72C19AC78006D0B98 /* Products */ = {
			isa = PBXGroup;
			children = (
				E4E378F62C19AC78006D0B98 /* TremorWatch.app */,
			);
			name = Products;
			sourceTree = "<group>";
		};
		E4E378F82C19AC78006D0B98 /* TremorWatch */ = {
			isa = PBXGroup;
			children = (
				E4BC60CB2C2C428400BA32D7 /* controllers */,
				E4B94FC92C2ACE5A00B6D088 /* view model */,
				E4B94FC82C2ACE1E00B6D088 /* view  */,
				E4B94FC72C2ACDF300B6D088 /* model */,
				E4E378F92C19AC78006D0B98 /* AppDelegate.swift */,
				E4E378FB2C19AC78006D0B98 /* SceneDelegate.swift */,
				E4E379022C19AC79006D0B98 /* Assets.xcassets */,
				E4E379042C19AC79006D0B98 /* LaunchScreen.storyboard */,
				E4E379072C19AC79006D0B98 /* Info.plist */,
			);
			path = TremorWatch;
			sourceTree = "<group>";
		};
/* End PBXGroup section */

/* Begin PBXNativeTarget section */
		E4E378F52C19AC78006D0B98 /* TremorWatch */ = {
			isa = PBXNativeTarget;
			buildConfigurationList = E4E3790A2C19AC79006D0B98 /* Build configuration list for PBXNativeTarget "TremorWatch" */;
			buildPhases = (
				E4E378F22C19AC78006D0B98 /* Sources */,
				E4E378F32C19AC78006D0B98 /* Frameworks */,
				E4E378F42C19AC78006D0B98 /* Resources */,
			);
			buildRules = (
			);
			dependencies = (
			);
			name = TremorWatch;
			packageProductDependencies = (
				E4E3790E2C19D390006D0B98 /* RxCocoa */,
				E4E379102C19D390006D0B98 /* RxSwift */,
			);
			productName = TremorWatch;
			productReference = E4E378F62C19AC78006D0B98 /* TremorWatch.app */;
			productType = "com.apple.product-type.application";
		};
/* End PBXNativeTarget section */

/* Begin PBXProject section */
		E4E378EE2C19AC78006D0B98 /* Project object */ = {
			isa = PBXProject;
			attributes = {
				BuildIndependentTargetsInParallel = 1;
				LastSwiftUpdateCheck = 1540;
				LastUpgradeCheck = 1540;
				TargetAttributes = {
					E4E378F52C19AC78006D0B98 = {
						CreatedOnToolsVersion = 15.4;
					};
				};
			};
			buildConfigurationList = E4E378F12C19AC78006D0B98 /* Build configuration list for PBXProject "TremorWatch" */;
			compatibilityVersion = "Xcode 14.0";
			developmentRegion = en;
			hasScannedForEncodings = 0;
			knownRegions = (
				en,
				Base,
			);
			mainGroup = E4E378ED2C19AC78006D0B98;
			packageReferences = (
				E4E3790D2C19CD3C006D0B98 /* XCRemoteSwiftPackageReference "RxSwift" */,
			);
			productRefGroup = E4E378F72C19AC78006D0B98 /* Products */;
			projectDirPath = "";
			projectRoot = "";
			targets = (
				E4E378F52C19AC78006D0B98 /* TremorWatch */,
			);
		};
/* End PBXProject section */

/* Begin PBXResourcesBuildPhase section */
		E4E378F42C19AC78006D0B98 /* Resources */ = {
			isa = PBXResourcesBuildPhase;
			buildActionMask = 2147483647;
			files = (
				E4E379032C19AC79006D0B98 /* Assets.xcassets in Resources */,
				E4E379062C19AC79006D0B98 /* Base in Resources */,
			);
			runOnlyForDeploymentPostprocessing = 0;
		};
/* End PBXResourcesBuildPhase section */

/* Begin PBXSourcesBuildPhase section */
		E4E378F22C19AC78006D0B98 /* Sources */ = {
			isa = PBXSourcesBuildPhase;
			buildActionMask = 2147483647;
			files = (
				E4E378FE2C19AC78006D0B98 /* ViewController.swift in Sources */,
				E4E378FA2C19AC78006D0B98 /* AppDelegate.swift in Sources */,
				E4BC60D52C2C4E8D00BA32D7 /* DetailedViewController.swift in Sources */,
				E4BC60CF2C2C450A00BA32D7 /* MainTabbarController.swift in Sources */,
				E4BC60D32C2C4D6400BA32D7 /* SearchViewController.swift in Sources */,
				E4E379172C19D89F006D0B98 /* EarthquakeService.swift in Sources */,
				E4BC60CD2C2C42D100BA32D7 /* extensions.swift in Sources */,
				E4E379132C19D70E006D0B98 /* Earthquake.swift in Sources */,
				E4E378FC2C19AC78006D0B98 /* SceneDelegate.swift in Sources */,
				E4BC60D12C2C4CA500BA32D7 /* MapViewController.swift in Sources */,
			);
			runOnlyForDeploymentPostprocessing = 0;
		};
/* End PBXSourcesBuildPhase section */

/* Begin PBXVariantGroup section */
		E4E379042C19AC79006D0B98 /* LaunchScreen.storyboard */ = {
			isa = PBXVariantGroup;
			children = (
				E4E379052C19AC79006D0B98 /* Base */,
			);
			name = LaunchScreen.storyboard;
			sourceTree = "<group>";
		};
/* End PBXVariantGroup section */

/* Begin XCBuildConfiguration section */
		E4E379082C19AC79006D0B98 /* Debug */ = {
			isa = XCBuildConfiguration;
			buildSettings = {
				ALWAYS_SEARCH_USER_PATHS = NO;
				ASSETCATALOG_COMPILER_GENERATE_SWIFT_ASSET_SYMBOL_EXTENSIONS = YES;
				CLANG_ANALYZER_NONNULL = YES;
				CLANG_ANALYZER_NUMBER_OBJECT_CONVERSION = YES_AGGRESSIVE;
				CLANG_CXX_LANGUAGE_STANDARD = "gnu++20";
				CLANG_ENABLE_MODULES = YES;
				CLANG_ENABLE_OBJC_ARC = YES;
				CLANG_ENABLE_OBJC_WEAK = YES;
				CLANG_WARN_BLOCK_CAPTURE_AUTORELEASING = YES;
				CLANG_WARN_BOOL_CONVERSION = YES;
				CLANG_WARN_COMMA = YES;
				CLANG_WARN_CONSTANT_CONVERSION = YES;
				CLANG_WARN_DEPRECATED_OBJC_IMPLEMENTATIONS = YES;
				CLANG_WARN_DIRECT_OBJC_ISA_USAGE = YES_ERROR;
				CLANG_WARN_DOCUMENTATION_COMMENTS = YES;
				CLANG_WARN_EMPTY_BODY = YES;
				CLANG_WARN_ENUM_CONVERSION = YES;
				CLANG_WARN_INFINITE_RECURSION = YES;
				CLANG_WARN_INT_CONVERSION = YES;
				CLANG_WARN_NON_LITERAL_NULL_CONVERSION = YES;
				CLANG_WARN_OBJC_IMPLICIT_RETAIN_SELF = YES;
				CLANG_WARN_OBJC_LITERAL_CONVERSION = YES;
				CLANG_WARN_OBJC_ROOT_CLASS = YES_ERROR;
				CLANG_WARN_QUOTED_INCLUDE_IN_FRAMEWORK_HEADER = YES;
				CLANG_WARN_RANGE_LOOP_ANALYSIS = YES;
				CLANG_WARN_STRICT_PROTOTYPES = YES;
				CLANG_WARN_SUSPICIOUS_MOVE = YES;
				CLANG_WARN_UNGUARDED_AVAILABILITY = YES_AGGRESSIVE;
				CLANG_WARN_UNREACHABLE_CODE = YES;
				CLANG_WARN__DUPLICATE_METHOD_MATCH = YES;
				COPY_PHASE_STRIP = NO;
				DEBUG_INFORMATION_FORMAT = dwarf;
				ENABLE_STRICT_OBJC_MSGSEND = YES;
				ENABLE_TESTABILITY = YES;
				ENABLE_USER_SCRIPT_SANDBOXING = YES;
				GCC_C_LANGUAGE_STANDARD = gnu17;
				GCC_DYNAMIC_NO_PIC = NO;
				GCC_NO_COMMON_BLOCKS = YES;
				GCC_OPTIMIZATION_LEVEL = 0;
				GCC_PREPROCESSOR_DEFINITIONS = (
					"DEBUG=1",
					"$(inherited)",
				);
				GCC_WARN_64_TO_32_BIT_CONVERSION = YES;
				GCC_WARN_ABOUT_RETURN_TYPE = YES_ERROR;
				GCC_WARN_UNDECLARED_SELECTOR = YES;
				GCC_WARN_UNINITIALIZED_AUTOS = YES_AGGRESSIVE;
				GCC_WARN_UNUSED_FUNCTION = YES;
				GCC_WARN_UNUSED_VARIABLE = YES;
				IPHONEOS_DEPLOYMENT_TARGET = 17.5;
				LOCALIZATION_PREFERS_STRING_CATALOGS = YES;
				MTL_ENABLE_DEBUG_INFO = INCLUDE_SOURCE;
				MTL_FAST_MATH = YES;
				ONLY_ACTIVE_ARCH = YES;
				SDKROOT = iphoneos;
				SWIFT_ACTIVE_COMPILATION_CONDITIONS = "DEBUG $(inherited)";
				SWIFT_OPTIMIZATION_LEVEL = "-Onone";
			};
			name = Debug;
		};
		E4E379092C19AC79006D0B98 /* Release */ = {
			isa = XCBuildConfiguration;
			buildSettings = {
				ALWAYS_SEARCH_USER_PATHS = NO;
				ASSETCATALOG_COMPILER_GENERATE_SWIFT_ASSET_SYMBOL_EXTENSIONS = YES;
				CLANG_ANALYZER_NONNULL = YES;
				CLANG_ANALYZER_NUMBER_OBJECT_CONVERSION = YES_AGGRESSIVE;
				CLANG_CXX_LANGUAGE_STANDARD = "gnu++20";
				CLANG_ENABLE_MODULES = YES;
				CLANG_ENABLE_OBJC_ARC = YES;
				CLANG_ENABLE_OBJC_WEAK = YES;
				CLANG_WARN_BLOCK_CAPTURE_AUTORELEASING = YES;
				CLANG_WARN_BOOL_CONVERSION = YES;
				CLANG_WARN_COMMA = YES;
				CLANG_WARN_CONSTANT_CONVERSION = YES;
				CLANG_WARN_DEPRECATED_OBJC_IMPLEMENTATIONS = YES;
				CLANG_WARN_DIRECT_OBJC_ISA_USAGE = YES_ERROR;
				CLANG_WARN_DOCUMENTATION_COMMENTS = YES;
				CLANG_WARN_EMPTY_BODY = YES;
				CLANG_WARN_ENUM_CONVERSION = YES;
				CLANG_WARN_INFINITE_RECURSION = YES;
				CLANG_WARN_INT_CONVERSION = YES;
				CLANG_WARN_NON_LITERAL_NULL_CONVERSION = YES;
				CLANG_WARN_OBJC_IMPLICIT_RETAIN_SELF = YES;
				CLANG_WARN_OBJC_LITERAL_CONVERSION = YES;
				CLANG_WARN_OBJC_ROOT_CLASS = YES_ERROR;
				CLANG_WARN_QUOTED_INCLUDE_IN_FRAMEWORK_HEADER = YES;
				CLANG_WARN_RANGE_LOOP_ANALYSIS = YES;
				CLANG_WARN_STRICT_PROTOTYPES = YES;
				CLANG_WARN_SUSPICIOUS_MOVE = YES;
				CLANG_WARN_UNGUARDED_AVAILABILITY = YES_AGGRESSIVE;
				CLANG_WARN_UNREACHABLE_CODE = YES;
				CLANG_WARN__DUPLICATE_METHOD_MATCH = YES;
				COPY_PHASE_STRIP = NO;
				DEBUG_INFORMATION_FORMAT = "dwarf-with-dsym";
				ENABLE_NS_ASSERTIONS = NO;
				ENABLE_STRICT_OBJC_MSGSEND = YES;
				ENABLE_USER_SCRIPT_SANDBOXING = YES;
				GCC_C_LANGUAGE_STANDARD = gnu17;
				GCC_NO_COMMON_BLOCKS = YES;
				GCC_WARN_64_TO_32_BIT_CONVERSION = YES;
				GCC_WARN_ABOUT_RETURN_TYPE = YES_ERROR;
				GCC_WARN_UNDECLARED_SELECTOR = YES;
				GCC_WARN_UNINITIALIZED_AUTOS = YES_AGGRESSIVE;
				GCC_WARN_UNUSED_FUNCTION = YES;
				GCC_WARN_UNUSED_VARIABLE = YES;
				IPHONEOS_DEPLOYMENT_TARGET = 17.5;
				LOCALIZATION_PREFERS_STRING_CATALOGS = YES;
				MTL_ENABLE_DEBUG_INFO = NO;
				MTL_FAST_MATH = YES;
				SDKROOT = iphoneos;
				SWIFT_COMPILATION_MODE = wholemodule;
				VALIDATE_PRODUCT = YES;
			};
			name = Release;
		};
		E4E3790B2C19AC79006D0B98 /* Debug */ = {
			isa = XCBuildConfiguration;
			buildSettings = {
				ASSETCATALOG_COMPILER_APPICON_NAME = AppIcon;
				ASSETCATALOG_COMPILER_GLOBAL_ACCENT_COLOR_NAME = AccentColor;
				CODE_SIGN_STYLE = Automatic;
				CURRENT_PROJECT_VERSION = 1;
				DEVELOPMENT_TEAM = 79UA548H4L;
				GENERATE_INFOPLIST_FILE = YES;
				INFOPLIST_FILE = TremorWatch/Info.plist;
				INFOPLIST_KEY_UIApplicationSupportsIndirectInputEvents = YES;
				INFOPLIST_KEY_UILaunchStoryboardName = LaunchScreen;
				INFOPLIST_KEY_UISupportedInterfaceOrientations_iPad = "UIInterfaceOrientationPortrait UIInterfaceOrientationPortraitUpsideDown UIInterfaceOrientationLandscapeLeft UIInterfaceOrientationLandscapeRight";
				INFOPLIST_KEY_UISupportedInterfaceOrientations_iPhone = "UIInterfaceOrientationPortrait UIInterfaceOrientationLandscapeLeft UIInterfaceOrientationLandscapeRight";
				IPHONEOS_DEPLOYMENT_TARGET = 17.0;
				LD_RUNPATH_SEARCH_PATHS = (
					"$(inherited)",
					"@executable_path/Frameworks",
				);
				MARKETING_VERSION = 1.0;
				PRODUCT_BUNDLE_IDENTIFIER = com.emtech.TremorWatch;
				PRODUCT_NAME = "$(TARGET_NAME)";
				SWIFT_EMIT_LOC_STRINGS = YES;
				SWIFT_VERSION = 5.0;
				TARGETED_DEVICE_FAMILY = "1,2";
			};
			name = Debug;
		};
		E4E3790C2C19AC79006D0B98 /* Release */ = {
			isa = XCBuildConfiguration;
			buildSettings = {
				ASSETCATALOG_COMPILER_APPICON_NAME = AppIcon;
				ASSETCATALOG_COMPILER_GLOBAL_ACCENT_COLOR_NAME = AccentColor;
				CODE_SIGN_STYLE = Automatic;
				CURRENT_PROJECT_VERSION = 1;
				DEVELOPMENT_TEAM = 79UA548H4L;
				GENERATE_INFOPLIST_FILE = YES;
				INFOPLIST_FILE = TremorWatch/Info.plist;
				INFOPLIST_KEY_UIApplicationSupportsIndirectInputEvents = YES;
				INFOPLIST_KEY_UILaunchStoryboardName = LaunchScreen;
				INFOPLIST_KEY_UISupportedInterfaceOrientations_iPad = "UIInterfaceOrientationPortrait UIInterfaceOrientationPortraitUpsideDown UIInterfaceOrientationLandscapeLeft UIInterfaceOrientationLandscapeRight";
				INFOPLIST_KEY_UISupportedInterfaceOrientations_iPhone = "UIInterfaceOrientationPortrait UIInterfaceOrientationLandscapeLeft UIInterfaceOrientationLandscapeRight";
				IPHONEOS_DEPLOYMENT_TARGET = 17.0;
				LD_RUNPATH_SEARCH_PATHS = (
					"$(inherited)",
					"@executable_path/Frameworks",
				);
				MARKETING_VERSION = 1.0;
				PRODUCT_BUNDLE_IDENTIFIER = com.emtech.TremorWatch;
				PRODUCT_NAME = "$(TARGET_NAME)";
				SWIFT_EMIT_LOC_STRINGS = YES;
				SWIFT_VERSION = 5.0;
				TARGETED_DEVICE_FAMILY = "1,2";
			};
			name = Release;
		};
/* End XCBuildConfiguration section */

/* Begin XCConfigurationList section */
		E4E378F12C19AC78006D0B98 /* Build configuration list for PBXProject "TremorWatch" */ = {
			isa = XCConfigurationList;
			buildConfigurations = (
				E4E379082C19AC79006D0B98 /* Debug */,
				E4E379092C19AC79006D0B98 /* Release */,
			);
			defaultConfigurationIsVisible = 0;
			defaultConfigurationName = Release;
		};
		E4E3790A2C19AC79006D0B98 /* Build configuration list for PBXNativeTarget "TremorWatch" */ = {
			isa = XCConfigurationList;
			buildConfigurations = (
				E4E3790B2C19AC79006D0B98 /* Debug */,
				E4E3790C2C19AC79006D0B98 /* Release */,
			);
			defaultConfigurationIsVisible = 0;
			defaultConfigurationName = Release;
		};
/* End XCConfigurationList section */

/* Begin XCRemoteSwiftPackageReference section */
		E4E3790D2C19CD3C006D0B98 /* XCRemoteSwiftPackageReference "RxSwift" */ = {
			isa = XCRemoteSwiftPackageReference;
			repositoryURL = "https://github.com/ReactiveX/RxSwift.git";
			requirement = {
				kind = upToNextMajorVersion;
				minimumVersion = 6.7.1;
			};
		};
/* End XCRemoteSwiftPackageReference section */

/* Begin XCSwiftPackageProductDependency section */
		E4E3790E2C19D390006D0B98 /* RxCocoa */ = {
			isa = XCSwiftPackageProductDependency;
			package = E4E3790D2C19CD3C006D0B98 /* XCRemoteSwiftPackageReference "RxSwift" */;
			productName = RxCocoa;
		};
		E4E379102C19D390006D0B98 /* RxSwift */ = {
			isa = XCSwiftPackageProductDependency;
			package = E4E3790D2C19CD3C006D0B98 /* XCRemoteSwiftPackageReference "RxSwift" */;
			productName = RxSwift;
		};
/* End XCSwiftPackageProductDependency section */
	};
	rootObject = E4E378EE2C19AC78006D0B98 /* Project object */;
}
